
Microsoft Visual Studio Solution File, Format Version 12.00
# Visual Studio Version 17
VisualStudioVersion = 17.7.34221.43
MinimumVisualStudioVersion = 10.0.40219.1
Project("{FAE04EC0-301F-11D3-BF4B-00C04F79EFBC}") = "Gabriel_Silveira_DR4_AT", "Gabriel_Silveira_DR4_AT\Gabriel_Silveira_DR4_AT.csproj", "{9E4D4DF5-DCB6-4914-B401-70A0E00B1F81}"
EndProject
Global
	GlobalSection(SolutionConfigurationPlatforms) = preSolution
		Debug|Any CPU = Debug|Any CPU
		Release|Any CPU = Release|Any CPU
	EndGlobalSection
	GlobalSection(ProjectConfigurationPlatforms) = postSolution
		{9E4D4DF5-DCB6-4914-B401-70A0E00B1F81}.Debug|Any CPU.ActiveCfg = Debug|Any CPU
		{9E4D4DF5-DCB6-4914-B401-70A0E00B1F81}.Debug|Any CPU.Build.0 = Debug|Any CPU
		{9E4D4DF5-DCB6-4914-B401-70A0E00B1F81}.Release|Any CPU.ActiveCfg = Release|Any CPU
		{9E4D4DF5-DCB6-4914-B401-70A0E00B1F81}.Release|Any CPU.Build.0 = Release|Any CPU
	EndGlobalSection
	GlobalSection(SolutionProperties) = preSolution
		HideSolutionNode = FALSE
	EndGlobalSection
	GlobalSection(ExtensibilityGlobals) = postSolution
		SolutionGuid = {82D678C8-7EA9-4C79-80C6-A3C9F1B38D03}
	EndGlobalSection
EndGlobal
